
Microsoft Visual Studio Solution File, Format Version 12.00
# Visual Studio Version 17
VisualStudioVersion = 17.11.34909.67
MinimumVisualStudioVersion = 10.0.40219.1
Project("{9A19103F-16F7-4668-BE54-9A1E7A4F7556}") = "AndronixUI", "AndronixUI\AndronixUI.csproj", "{80A0D5B4-0962-420B-8D9D-62854DFB7789}"
EndProject
Project("{9A19103F-16F7-4668-BE54-9A1E7A4F7556}") = "AssistantAI", "AssistantAI\AssistantAI.csproj", "{98524255-9B10-4CD9-9F85-20206CC2A102}"
EndProject
Project("{9A19103F-16F7-4668-BE54-9A1E7A4F7556}") = "Authentication", "Authentication\Authentication.csproj", "{E57BF12B-6243-4390-9776-6B781AF4ED6A}"
EndProject
Project("{9A19103F-16F7-4668-BE54-9A1E7A4F7556}") = "Core", "Core\Core.csproj", "{5DF60673-1C88-42AC-A949-43E5C945B5CE}"
EndProject
Project("{9A19103F-16F7-4668-BE54-9A1E7A4F7556}") = "Interfaces", "Interfaces\Interfaces.csproj", "{209A62B0-95DB-4AD5-BB38-98F4078B2054}"
EndProject
Project("{9A19103F-16F7-4668-BE54-9A1E7A4F7556}") = "CoreTests", "CoreTests\CoreTests.csproj", "{C6A1A793-9EC4-49A0-9447-B8F21E8FED6A}"
EndProject
Project("{FAE04EC0-301F-11D3-BF4B-00C04F79EFBC}") = "WebApp", "WebApp\WebApp.csproj", "{B2CC81CA-BEB3-48F1-9426-5BB273E63466}"
EndProject
Global
	GlobalSection(SolutionConfigurationPlatforms) = preSolution
		Debug|Any CPU = Debug|Any CPU
		Debug|ARM64 = Debug|ARM64
		Debug|x64 = Debug|x64
		Debug|x86 = Debug|x86
		Release|Any CPU = Release|Any CPU
		Release|ARM64 = Release|ARM64
		Release|x64 = Release|x64
		Release|x86 = Release|x86
	EndGlobalSection
	GlobalSection(ProjectConfigurationPlatforms) = postSolution
		{80A0D5B4-0962-420B-8D9D-62854DFB7789}.Debug|Any CPU.ActiveCfg = Debug|x64
		{80A0D5B4-0962-420B-8D9D-62854DFB7789}.Debug|Any CPU.Build.0 = Debug|x64
		{80A0D5B4-0962-420B-8D9D-62854DFB7789}.Debug|Any CPU.Deploy.0 = Debug|x64
		{80A0D5B4-0962-420B-8D9D-62854DFB7789}.Debug|ARM64.ActiveCfg = Debug|ARM64
		{80A0D5B4-0962-420B-8D9D-62854DFB7789}.Debug|ARM64.Build.0 = Debug|ARM64
		{80A0D5B4-0962-420B-8D9D-62854DFB7789}.Debug|ARM64.Deploy.0 = Debug|ARM64
		{80A0D5B4-0962-420B-8D9D-62854DFB7789}.Debug|x64.ActiveCfg = Debug|x64
		{80A0D5B4-0962-420B-8D9D-62854DFB7789}.Debug|x64.Build.0 = Debug|x64
		{80A0D5B4-0962-420B-8D9D-62854DFB7789}.Debug|x64.Deploy.0 = Debug|x64
		{80A0D5B4-0962-420B-8D9D-62854DFB7789}.Debug|x86.ActiveCfg = Debug|x86
		{80A0D5B4-0962-420B-8D9D-62854DFB7789}.Debug|x86.Build.0 = Debug|x86
		{80A0D5B4-0962-420B-8D9D-62854DFB7789}.Debug|x86.Deploy.0 = Debug|x86
		{80A0D5B4-0962-420B-8D9D-62854DFB7789}.Release|Any CPU.ActiveCfg = Release|x64
		{80A0D5B4-0962-420B-8D9D-62854DFB7789}.Release|Any CPU.Build.0 = Release|x64
		{80A0D5B4-0962-420B-8D9D-62854DFB7789}.Release|Any CPU.Deploy.0 = Release|x64
		{80A0D5B4-0962-420B-8D9D-62854DFB7789}.Release|ARM64.ActiveCfg = Release|ARM64
		{80A0D5B4-0962-420B-8D9D-62854DFB7789}.Release|ARM64.Build.0 = Release|ARM64
		{80A0D5B4-0962-420B-8D9D-62854DFB7789}.Release|ARM64.Deploy.0 = Release|ARM64
		{80A0D5B4-0962-420B-8D9D-62854DFB7789}.Release|x64.ActiveCfg = Release|x64
		{80A0D5B4-0962-420B-8D9D-62854DFB7789}.Release|x64.Build.0 = Release|x64
		{80A0D5B4-0962-420B-8D9D-62854DFB7789}.Release|x64.Deploy.0 = Release|x64
		{80A0D5B4-0962-420B-8D9D-62854DFB7789}.Release|x86.ActiveCfg = Release|x86
		{80A0D5B4-0962-420B-8D9D-62854DFB7789}.Release|x86.Build.0 = Release|x86
		{80A0D5B4-0962-420B-8D9D-62854DFB7789}.Release|x86.Deploy.0 = Release|x86
		{98524255-9B10-4CD9-9F85-20206CC2A102}.Debug|Any CPU.ActiveCfg = Debug|Any CPU
		{98524255-9B10-4CD9-9F85-20206CC2A102}.Debug|Any CPU.Build.0 = Debug|Any CPU
		{98524255-9B10-4CD9-9F85-20206CC2A102}.Debug|ARM64.ActiveCfg = Debug|Any CPU
		{98524255-9B10-4CD9-9F85-20206CC2A102}.Debug|ARM64.Build.0 = Debug|Any CPU
		{98524255-9B10-4CD9-9F85-20206CC2A102}.Debug|x64.ActiveCfg = Debug|Any CPU
		{98524255-9B10-4CD9-9F85-20206CC2A102}.Debug|x64.Build.0 = Debug|Any CPU
		{98524255-9B10-4CD9-9F85-20206CC2A102}.Debug|x86.ActiveCfg = Debug|Any CPU
		{98524255-9B10-4CD9-9F85-20206CC2A102}.Debug|x86.Build.0 = Debug|Any CPU
		{98524255-9B10-4CD9-9F85-20206CC2A102}.Release|Any CPU.ActiveCfg = Release|Any CPU
		{98524255-9B10-4CD9-9F85-20206CC2A102}.Release|Any CPU.Build.0 = Release|Any CPU
		{98524255-9B10-4CD9-9F85-20206CC2A102}.Release|ARM64.ActiveCfg = Release|Any CPU
		{98524255-9B10-4CD9-9F85-20206CC2A102}.Release|ARM64.Build.0 = Release|Any CPU
		{98524255-9B10-4CD9-9F85-20206CC2A102}.Release|x64.ActiveCfg = Release|Any CPU
		{98524255-9B10-4CD9-9F85-20206CC2A102}.Release|x64.Build.0 = Release|Any CPU
		{98524255-9B10-4CD9-9F85-20206CC2A102}.Release|x86.ActiveCfg = Release|Any CPU
		{98524255-9B10-4CD9-9F85-20206CC2A102}.Release|x86.Build.0 = Release|Any CPU
		{E57BF12B-6243-4390-9776-6B781AF4ED6A}.Debug|Any CPU.ActiveCfg = Debug|Any CPU
		{E57BF12B-6243-4390-9776-6B781AF4ED6A}.Debug|Any CPU.Build.0 = Debug|Any CPU
		{E57BF12B-6243-4390-9776-6B781AF4ED6A}.Debug|ARM64.ActiveCfg = Debug|Any CPU
		{E57BF12B-6243-4390-9776-6B781AF4ED6A}.Debug|ARM64.Build.0 = Debug|Any CPU
		{E57BF12B-6243-4390-9776-6B781AF4ED6A}.Debug|x64.ActiveCfg = Debug|Any CPU
		{E57BF12B-6243-4390-9776-6B781AF4ED6A}.Debug|x64.Build.0 = Debug|Any CPU
		{E57BF12B-6243-4390-9776-6B781AF4ED6A}.Debug|x86.ActiveCfg = Debug|Any CPU
		{E57BF12B-6243-4390-9776-6B781AF4ED6A}.Debug|x86.Build.0 = Debug|Any CPU
		{E57BF12B-6243-4390-9776-6B781AF4ED6A}.Release|Any CPU.ActiveCfg = Release|Any CPU
		{E57BF12B-6243-4390-9776-6B781AF4ED6A}.Release|Any CPU.Build.0 = Release|Any CPU
		{E57BF12B-6243-4390-9776-6B781AF4ED6A}.Release|ARM64.ActiveCfg = Release|Any CPU
		{E57BF12B-6243-4390-9776-6B781AF4ED6A}.Release|ARM64.Build.0 = Release|Any CPU
		{E57BF12B-6243-4390-9776-6B781AF4ED6A}.Release|x64.ActiveCfg = Release|Any CPU
		{E57BF12B-6243-4390-9776-6B781AF4ED6A}.Release|x64.Build.0 = Release|Any CPU
		{E57BF12B-6243-4390-9776-6B781AF4ED6A}.Release|x86.ActiveCfg = Release|Any CPU
		{E57BF12B-6243-4390-9776-6B781AF4ED6A}.Release|x86.Build.0 = Release|Any CPU
		{5DF60673-1C88-42AC-A949-43E5C945B5CE}.Debug|Any CPU.ActiveCfg = Debug|Any CPU
		{5DF60673-1C88-42AC-A949-43E5C945B5CE}.Debug|Any CPU.Build.0 = Debug|Any CPU
		{5DF60673-1C88-42AC-A949-43E5C945B5CE}.Debug|ARM64.ActiveCfg = Debug|Any CPU
		{5DF60673-1C88-42AC-A949-43E5C945B5CE}.Debug|ARM64.Build.0 = Debug|Any CPU
		{5DF60673-1C88-42AC-A949-43E5C945B5CE}.Debug|x64.ActiveCfg = Debug|Any CPU
		{5DF60673-1C88-42AC-A949-43E5C945B5CE}.Debug|x64.Build.0 = Debug|Any CPU
		{5DF60673-1C88-42AC-A949-43E5C945B5CE}.Debug|x86.ActiveCfg = Debug|Any CPU
		{5DF60673-1C88-42AC-A949-43E5C945B5CE}.Debug|x86.Build.0 = Debug|Any CPU
		{5DF60673-1C88-42AC-A949-43E5C945B5CE}.Release|Any CPU.ActiveCfg = Release|Any CPU
		{5DF60673-1C88-42AC-A949-43E5C945B5CE}.Release|Any CPU.Build.0 = Release|Any CPU
		{5DF60673-1C88-42AC-A949-43E5C945B5CE}.Release|ARM64.ActiveCfg = Release|Any CPU
		{5DF60673-1C88-42AC-A949-43E5C945B5CE}.Release|ARM64.Build.0 = Release|Any CPU
		{5DF60673-1C88-42AC-A949-43E5C945B5CE}.Release|x64.ActiveCfg = Release|Any CPU
		{5DF60673-1C88-42AC-A949-43E5C945B5CE}.Release|x64.Build.0 = Release|Any CPU
		{5DF60673-1C88-42AC-A949-43E5C945B5CE}.Release|x86.ActiveCfg = Release|Any CPU
		{5DF60673-1C88-42AC-A949-43E5C945B5CE}.Release|x86.Build.0 = Release|Any CPU
		{209A62B0-95DB-4AD5-BB38-98F4078B2054}.Debug|Any CPU.ActiveCfg = Debug|Any CPU
		{209A62B0-95DB-4AD5-BB38-98F4078B2054}.Debug|Any CPU.Build.0 = Debug|Any CPU
		{209A62B0-95DB-4AD5-BB38-98F4078B2054}.Debug|ARM64.ActiveCfg = Debug|Any CPU
		{209A62B0-95DB-4AD5-BB38-98F4078B2054}.Debug|ARM64.Build.0 = Debug|Any CPU
		{209A62B0-95DB-4AD5-BB38-98F4078B2054}.Debug|x64.ActiveCfg = Debug|Any CPU
		{209A62B0-95DB-4AD5-BB38-98F4078B2054}.Debug|x64.Build.0 = Debug|Any CPU
		{209A62B0-95DB-4AD5-BB38-98F4078B2054}.Debug|x86.ActiveCfg = Debug|Any CPU
		{209A62B0-95DB-4AD5-BB38-98F4078B2054}.Debug|x86.Build.0 = Debug|Any CPU
		{209A62B0-95DB-4AD5-BB38-98F4078B2054}.Release|Any CPU.ActiveCfg = Release|Any CPU
		{209A62B0-95DB-4AD5-BB38-98F4078B2054}.Release|Any CPU.Build.0 = Release|Any CPU
		{209A62B0-95DB-4AD5-BB38-98F4078B2054}.Release|ARM64.ActiveCfg = Release|Any CPU
		{209A62B0-95DB-4AD5-BB38-98F4078B2054}.Release|ARM64.Build.0 = Release|Any CPU
		{209A62B0-95DB-4AD5-BB38-98F4078B2054}.Release|x64.ActiveCfg = Release|Any CPU
		{209A62B0-95DB-4AD5-BB38-98F4078B2054}.Release|x64.Build.0 = Release|Any CPU
		{209A62B0-95DB-4AD5-BB38-98F4078B2054}.Release|x86.ActiveCfg = Release|Any CPU
		{209A62B0-95DB-4AD5-BB38-98F4078B2054}.Release|x86.Build.0 = Release|Any CPU
		{C6A1A793-9EC4-49A0-9447-B8F21E8FED6A}.Debug|Any CPU.ActiveCfg = Debug|Any CPU
		{C6A1A793-9EC4-49A0-9447-B8F21E8FED6A}.Debug|Any CPU.Build.0 = Debug|Any CPU
		{C6A1A793-9EC4-49A0-9447-B8F21E8FED6A}.Debug|ARM64.ActiveCfg = Debug|Any CPU
		{C6A1A793-9EC4-49A0-9447-B8F21E8FED6A}.Debug|ARM64.Build.0 = Debug|Any CPU
		{C6A1A793-9EC4-49A0-9447-B8F21E8FED6A}.Debug|x64.ActiveCfg = Debug|Any CPU
		{C6A1A793-9EC4-49A0-9447-B8F21E8FED6A}.Debug|x64.Build.0 = Debug|Any CPU
		{C6A1A793-9EC4-49A0-9447-B8F21E8FED6A}.Debug|x86.ActiveCfg = Debug|Any CPU
		{C6A1A793-9EC4-49A0-9447-B8F21E8FED6A}.Debug|x86.Build.0 = Debug|Any CPU
		{C6A1A793-9EC4-49A0-9447-B8F21E8FED6A}.Release|Any CPU.ActiveCfg = Release|Any CPU
		{C6A1A793-9EC4-49A0-9447-B8F21E8FED6A}.Release|Any CPU.Build.0 = Release|Any CPU
		{C6A1A793-9EC4-49A0-9447-B8F21E8FED6A}.Release|ARM64.ActiveCfg = Release|Any CPU
		{C6A1A793-9EC4-49A0-9447-B8F21E8FED6A}.Release|ARM64.Build.0 = Release|Any CPU
		{C6A1A793-9EC4-49A0-9447-B8F21E8FED6A}.Release|x64.ActiveCfg = Release|Any CPU
		{C6A1A793-9EC4-49A0-9447-B8F21E8FED6A}.Release|x64.Build.0 = Release|Any CPU
		{C6A1A793-9EC4-49A0-9447-B8F21E8FED6A}.Release|x86.ActiveCfg = Release|Any CPU
		{C6A1A793-9EC4-49A0-9447-B8F21E8FED6A}.Release|x86.Build.0 = Release|Any CPU
		{B2CC81CA-BEB3-48F1-9426-5BB273E63466}.Debug|Any CPU.ActiveCfg = Debug|Any CPU
		{B2CC81CA-BEB3-48F1-9426-5BB273E63466}.Debug|Any CPU.Build.0 = Debug|Any CPU
		{B2CC81CA-BEB3-48F1-9426-5BB273E63466}.Debug|ARM64.ActiveCfg = Debug|Any CPU
		{B2CC81CA-BEB3-48F1-9426-5BB273E63466}.Debug|ARM64.Build.0 = Debug|Any CPU
		{B2CC81CA-BEB3-48F1-9426-5BB273E63466}.Debug|x64.ActiveCfg = Debug|Any CPU
		{B2CC81CA-BEB3-48F1-9426-5BB273E63466}.Debug|x64.Build.0 = Debug|Any CPU
		{B2CC81CA-BEB3-48F1-9426-5BB273E63466}.Debug|x86.ActiveCfg = Debug|Any CPU
		{B2CC81CA-BEB3-48F1-9426-5BB273E63466}.Debug|x86.Build.0 = Debug|Any CPU
		{B2CC81CA-BEB3-48F1-9426-5BB273E63466}.Release|Any CPU.ActiveCfg = Release|Any CPU
		{B2CC81CA-BEB3-48F1-9426-5BB273E63466}.Release|Any CPU.Build.0 = Release|Any CPU
		{B2CC81CA-BEB3-48F1-9426-5BB273E63466}.Release|ARM64.ActiveCfg = Release|Any CPU
		{B2CC81CA-BEB3-48F1-9426-5BB273E63466}.Release|ARM64.Build.0 = Release|Any CPU
		{B2CC81CA-BEB3-48F1-9426-5BB273E63466}.Release|x64.ActiveCfg = Release|Any CPU
		{B2CC81CA-BEB3-48F1-9426-5BB273E63466}.Release|x64.Build.0 = Release|Any CPU
		{B2CC81CA-BEB3-48F1-9426-5BB273E63466}.Release|x86.ActiveCfg = Release|Any CPU
		{B2CC81CA-BEB3-48F1-9426-5BB273E63466}.Release|x86.Build.0 = Release|Any CPU
	EndGlobalSection
	GlobalSection(SolutionProperties) = preSolution
		HideSolutionNode = FALSE
	EndGlobalSection
	GlobalSection(ExtensibilityGlobals) = postSolution
		SolutionGuid = {43E24006-4C41-46AA-8C56-89EB4C2C8354}
	EndGlobalSection
EndGlobal
